
Microsoft Visual Studio Solution File, Format Version 12.00
# Visual Studio 15
Project("{FAE04EC0-301F-11D3-BF4B-00C04F79EFBC}") = "Unity.XR.Interaction.Toolkit.Samples.ARStarterAssets", "Unity.XR.Interaction.Toolkit.Samples.ARStarterAssets.csproj", "{28184110-7DCB-4B5B-F3C6-B020E4116467}"
EndProject
Project("{FAE04EC0-301F-11D3-BF4B-00C04F79EFBC}") = "Unity.XR.Interaction.Toolkit.Samples.StarterAssets", "Unity.XR.Interaction.Toolkit.Samples.StarterAssets.csproj", "{33BFBE53-5FB0-92BC-EAC2-D1DF768E5E77}"
EndProject
Project("{FAE04EC0-301F-11D3-BF4B-00C04F79EFBC}") = "Assembly-CSharp", "Assembly-CSharp.csproj", "{C8D7983B-9B30-3236-E393-335D9CA0A0CF}"
EndProject
Project("{FAE04EC0-301F-11D3-BF4B-00C04F79EFBC}") = "Unity.XR.Interaction.Toolkit.Samples.ARStarterAssets.Editor", "Unity.XR.Interaction.Toolkit.Samples.ARStarterAssets.Editor.csproj", "{785AF4D6-3186-D721-4591-B1E8461DE660}"
EndProject
Project("{FAE04EC0-301F-11D3-BF4B-00C04F79EFBC}") = "Unity.XR.Interaction.Toolkit.Samples.StarterAssets.Editor", "Unity.XR.Interaction.Toolkit.Samples.StarterAssets.Editor.csproj", "{8D59833C-A2D2-779B-C101-D2524A0E7598}"
EndProject
Global
	GlobalSection(SolutionConfigurationPlatforms) = preSolution
		Debug|Any CPU = Debug|Any CPU
		Release|Any CPU = Release|Any CPU
	EndGlobalSection
	GlobalSection(ProjectConfigurationPlatforms) = postSolution
		{28184110-7DCB-4B5B-F3C6-B020E4116467}.Debug|Any CPU.ActiveCfg = Debug|Any CPU
		{28184110-7DCB-4B5B-F3C6-B020E4116467}.Debug|Any CPU.Build.0 = Debug|Any CPU
		{28184110-7DCB-4B5B-F3C6-B020E4116467}.Release|Any CPU.ActiveCfg = Release|Any CPU
		{28184110-7DCB-4B5B-F3C6-B020E4116467}.Release|Any CPU.Build.0 = Release|Any CPU
		{33BFBE53-5FB0-92BC-EAC2-D1DF768E5E77}.Debug|Any CPU.ActiveCfg = Debug|Any CPU
		{33BFBE53-5FB0-92BC-EAC2-D1DF768E5E77}.Debug|Any CPU.Build.0 = Debug|Any CPU
		{33BFBE53-5FB0-92BC-EAC2-D1DF768E5E77}.Release|Any CPU.ActiveCfg = Release|Any CPU
		{33BFBE53-5FB0-92BC-EAC2-D1DF768E5E77}.Release|Any CPU.Build.0 = Release|Any CPU
		{C8D7983B-9B30-3236-E393-335D9CA0A0CF}.Debug|Any CPU.ActiveCfg = Debug|Any CPU
		{C8D7983B-9B30-3236-E393-335D9CA0A0CF}.Debug|Any CPU.Build.0 = Debug|Any CPU
		{C8D7983B-9B30-3236-E393-335D9CA0A0CF}.Release|Any CPU.ActiveCfg = Release|Any CPU
		{C8D7983B-9B30-3236-E393-335D9CA0A0CF}.Release|Any CPU.Build.0 = Release|Any CPU
		{785AF4D6-3186-D721-4591-B1E8461DE660}.Debug|Any CPU.ActiveCfg = Debug|Any CPU
		{785AF4D6-3186-D721-4591-B1E8461DE660}.Debug|Any CPU.Build.0 = Debug|Any CPU
		{785AF4D6-3186-D721-4591-B1E8461DE660}.Release|Any CPU.ActiveCfg = Release|Any CPU
		{785AF4D6-3186-D721-4591-B1E8461DE660}.Release|Any CPU.Build.0 = Release|Any CPU
		{8D59833C-A2D2-779B-C101-D2524A0E7598}.Debug|Any CPU.ActiveCfg = Debug|Any CPU
		{8D59833C-A2D2-779B-C101-D2524A0E7598}.Debug|Any CPU.Build.0 = Debug|Any CPU
		{8D59833C-A2D2-779B-C101-D2524A0E7598}.Release|Any CPU.ActiveCfg = Release|Any CPU
		{8D59833C-A2D2-779B-C101-D2524A0E7598}.Release|Any CPU.Build.0 = Release|Any CPU
	EndGlobalSection
	GlobalSection(SolutionProperties) = preSolution
		HideSolutionNode = FALSE
	EndGlobalSection
EndGlobal
